{
  "name": "aicoach-fetcher",
  "version": "0.1.0",
  "lockfileVersion": 3,
  "requires": true,
  "packages": {
    "": {
      "name": "aicoach-fetcher",
      "version": "0.1.0",
      "dependencies": {
        "@garmin/fitsdk": "^21.205.0"
      }
    },
    "node_modules/@garmin/fitsdk": {
      "version": "21.205.0",
      "resolved": "https://registry.npmjs.org/@garmin/fitsdk/-/fitsdk-21.205.0.tgz",
      "integrity": "sha512-oSfiJVQ3BQlNxfc1f7XUBDn8yuHOdiP5jW21p6zjuBq0KPQfXWe6SU66yZdCNYliyBmKcfC3Gjd9osiKfR52Dg==",
      "license": "SEE LICENSE IN LICENSE.txt"
    }
  }
}
